
Microsoft Visual Studio Solution File, Format Version 12.00
Project("{FAE04EC0-301F-11D3-BF4B-00C04F79EFBC}") = "DataStructures", "DataStructures\DataStructures.csproj", "{88A9CB66-2C14-4D0A-9A86-9E6A3623C835}"
EndProject
Project("{FAE04EC0-301F-11D3-BF4B-00C04F79EFBC}") = "DSTests", "DSTests\DSTests.csproj", "{EE4B302A-F6D9-4374-8693-A038AEA828F2}"
EndProject
Global
	GlobalSection(SolutionConfigurationPlatforms) = preSolution
		Debug|Any CPU = Debug|Any CPU
		Release|Any CPU = Release|Any CPU
	EndGlobalSection
	GlobalSection(ProjectConfigurationPlatforms) = postSolution
		{88A9CB66-2C14-4D0A-9A86-9E6A3623C835}.Debug|Any CPU.ActiveCfg = Debug|Any CPU
		{88A9CB66-2C14-4D0A-9A86-9E6A3623C835}.Debug|Any CPU.Build.0 = Debug|Any CPU
		{88A9CB66-2C14-4D0A-9A86-9E6A3623C835}.Release|Any CPU.ActiveCfg = Release|Any CPU
		{88A9CB66-2C14-4D0A-9A86-9E6A3623C835}.Release|Any CPU.Build.0 = Release|Any CPU
		{EE4B302A-F6D9-4374-8693-A038AEA828F2}.Debug|Any CPU.ActiveCfg = Debug|Any CPU
		{EE4B302A-F6D9-4374-8693-A038AEA828F2}.Debug|Any CPU.Build.0 = Debug|Any CPU
		{EE4B302A-F6D9-4374-8693-A038AEA828F2}.Release|Any CPU.ActiveCfg = Release|Any CPU
		{EE4B302A-F6D9-4374-8693-A038AEA828F2}.Release|Any CPU.Build.0 = Release|Any CPU
	EndGlobalSection
EndGlobal
